
Microsoft Visual Studio Solution File, Format Version 11.00
# Visual Studio 2010
Project("{FAE04EC0-301F-11D3-BF4B-00C04F79EFBC}") = "TrainingTasks1", "TrainingTasks1\TrainingTasks1.csproj", "{9B5D1DEB-B267-4E0E-B727-1D2698AEB0C7}"
EndProject
Project("{FAE04EC0-301F-11D3-BF4B-00C04F79EFBC}") = "TrainingTasks2", "TrainingTasks2\TrainingTasks2.csproj", "{B15AF8FB-20C1-4C6E-85D5-5CF94CEEB6C1}"
EndProject
Project("{FAE04EC0-301F-11D3-BF4B-00C04F79EFBC}") = "TrainingTasks3", "TrainingTasks3\TrainingTasks3.csproj", "{D0E39CCF-E238-4F98-9C9E-53140AD72F73}"
EndProject
Project("{FAE04EC0-301F-11D3-BF4B-00C04F79EFBC}") = "TrainingTasks4", "TrainingTasks4\TrainingTasks4.csproj", "{AF15D1BD-E605-4AEC-8A24-ED08552DB64A}"
EndProject
Project("{FAE04EC0-301F-11D3-BF4B-00C04F79EFBC}") = "TrainingTasks5", "TrainingTasks5\TrainingTasks5.csproj", "{689B760B-49B8-4D12-A5A8-DC3E623B8B74}"
EndProject
Global
	GlobalSection(SolutionConfigurationPlatforms) = preSolution
		Debug|Any CPU = Debug|Any CPU
		Debug|Mixed Platforms = Debug|Mixed Platforms
		Debug|x86 = Debug|x86
		Release|Any CPU = Release|Any CPU
		Release|Mixed Platforms = Release|Mixed Platforms
		Release|x86 = Release|x86
	EndGlobalSection
	GlobalSection(ProjectConfigurationPlatforms) = postSolution
		{9B5D1DEB-B267-4E0E-B727-1D2698AEB0C7}.Debug|Any CPU.ActiveCfg = Debug|Any CPU
		{9B5D1DEB-B267-4E0E-B727-1D2698AEB0C7}.Debug|Any CPU.Build.0 = Debug|Any CPU
		{9B5D1DEB-B267-4E0E-B727-1D2698AEB0C7}.Debug|Mixed Platforms.ActiveCfg = Debug|Any CPU
		{9B5D1DEB-B267-4E0E-B727-1D2698AEB0C7}.Debug|Mixed Platforms.Build.0 = Debug|Any CPU
		{9B5D1DEB-B267-4E0E-B727-1D2698AEB0C7}.Debug|x86.ActiveCfg = Debug|Any CPU
		{9B5D1DEB-B267-4E0E-B727-1D2698AEB0C7}.Release|Any CPU.ActiveCfg = Release|Any CPU
		{9B5D1DEB-B267-4E0E-B727-1D2698AEB0C7}.Release|Any CPU.Build.0 = Release|Any CPU
		{9B5D1DEB-B267-4E0E-B727-1D2698AEB0C7}.Release|Mixed Platforms.ActiveCfg = Release|Any CPU
		{9B5D1DEB-B267-4E0E-B727-1D2698AEB0C7}.Release|Mixed Platforms.Build.0 = Release|Any CPU
		{9B5D1DEB-B267-4E0E-B727-1D2698AEB0C7}.Release|x86.ActiveCfg = Release|Any CPU
		{B15AF8FB-20C1-4C6E-85D5-5CF94CEEB6C1}.Debug|Any CPU.ActiveCfg = Debug|Any CPU
		{B15AF8FB-20C1-4C6E-85D5-5CF94CEEB6C1}.Debug|Any CPU.Build.0 = Debug|Any CPU
		{B15AF8FB-20C1-4C6E-85D5-5CF94CEEB6C1}.Debug|Mixed Platforms.ActiveCfg = Debug|Any CPU
		{B15AF8FB-20C1-4C6E-85D5-5CF94CEEB6C1}.Debug|Mixed Platforms.Build.0 = Debug|Any CPU
		{B15AF8FB-20C1-4C6E-85D5-5CF94CEEB6C1}.Debug|x86.ActiveCfg = Debug|Any CPU
		{B15AF8FB-20C1-4C6E-85D5-5CF94CEEB6C1}.Release|Any CPU.ActiveCfg = Release|Any CPU
		{B15AF8FB-20C1-4C6E-85D5-5CF94CEEB6C1}.Release|Any CPU.Build.0 = Release|Any CPU
		{B15AF8FB-20C1-4C6E-85D5-5CF94CEEB6C1}.Release|Mixed Platforms.ActiveCfg = Release|Any CPU
		{B15AF8FB-20C1-4C6E-85D5-5CF94CEEB6C1}.Release|Mixed Platforms.Build.0 = Release|Any CPU
		{B15AF8FB-20C1-4C6E-85D5-5CF94CEEB6C1}.Release|x86.ActiveCfg = Release|Any CPU
		{D0E39CCF-E238-4F98-9C9E-53140AD72F73}.Debug|Any CPU.ActiveCfg = Debug|Any CPU
		{D0E39CCF-E238-4F98-9C9E-53140AD72F73}.Debug|Any CPU.Build.0 = Debug|Any CPU
		{D0E39CCF-E238-4F98-9C9E-53140AD72F73}.Debug|Mixed Platforms.ActiveCfg = Debug|Any CPU
		{D0E39CCF-E238-4F98-9C9E-53140AD72F73}.Debug|Mixed Platforms.Build.0 = Debug|Any CPU
		{D0E39CCF-E238-4F98-9C9E-53140AD72F73}.Debug|x86.ActiveCfg = Debug|Any CPU
		{D0E39CCF-E238-4F98-9C9E-53140AD72F73}.Release|Any CPU.ActiveCfg = Release|Any CPU
		{D0E39CCF-E238-4F98-9C9E-53140AD72F73}.Release|Any CPU.Build.0 = Release|Any CPU
		{D0E39CCF-E238-4F98-9C9E-53140AD72F73}.Release|Mixed Platforms.ActiveCfg = Release|Any CPU
		{D0E39CCF-E238-4F98-9C9E-53140AD72F73}.Release|Mixed Platforms.Build.0 = Release|Any CPU
		{D0E39CCF-E238-4F98-9C9E-53140AD72F73}.Release|x86.ActiveCfg = Release|Any CPU
		{AF15D1BD-E605-4AEC-8A24-ED08552DB64A}.Debug|Any CPU.ActiveCfg = Debug|Any CPU
		{AF15D1BD-E605-4AEC-8A24-ED08552DB64A}.Debug|Any CPU.Build.0 = Debug|Any CPU
		{AF15D1BD-E605-4AEC-8A24-ED08552DB64A}.Debug|Mixed Platforms.ActiveCfg = Debug|Any CPU
		{AF15D1BD-E605-4AEC-8A24-ED08552DB64A}.Debug|Mixed Platforms.Build.0 = Debug|Any CPU
		{AF15D1BD-E605-4AEC-8A24-ED08552DB64A}.Debug|x86.ActiveCfg = Debug|Any CPU
		{AF15D1BD-E605-4AEC-8A24-ED08552DB64A}.Release|Any CPU.ActiveCfg = Release|Any CPU
		{AF15D1BD-E605-4AEC-8A24-ED08552DB64A}.Release|Any CPU.Build.0 = Release|Any CPU
		{AF15D1BD-E605-4AEC-8A24-ED08552DB64A}.Release|Mixed Platforms.ActiveCfg = Release|Any CPU
		{AF15D1BD-E605-4AEC-8A24-ED08552DB64A}.Release|Mixed Platforms.Build.0 = Release|Any CPU
		{AF15D1BD-E605-4AEC-8A24-ED08552DB64A}.Release|x86.ActiveCfg = Release|Any CPU
		{689B760B-49B8-4D12-A5A8-DC3E623B8B74}.Debug|Any CPU.ActiveCfg = Debug|Any CPU
		{689B760B-49B8-4D12-A5A8-DC3E623B8B74}.Debug|Any CPU.Build.0 = Debug|Any CPU
		{689B760B-49B8-4D12-A5A8-DC3E623B8B74}.Debug|Mixed Platforms.ActiveCfg = Debug|Any CPU
		{689B760B-49B8-4D12-A5A8-DC3E623B8B74}.Debug|Mixed Platforms.Build.0 = Debug|Any CPU
		{689B760B-49B8-4D12-A5A8-DC3E623B8B74}.Debug|x86.ActiveCfg = Debug|Any CPU
		{689B760B-49B8-4D12-A5A8-DC3E623B8B74}.Release|Any CPU.ActiveCfg = Release|Any CPU
		{689B760B-49B8-4D12-A5A8-DC3E623B8B74}.Release|Any CPU.Build.0 = Release|Any CPU
		{689B760B-49B8-4D12-A5A8-DC3E623B8B74}.Release|Mixed Platforms.ActiveCfg = Release|Any CPU
		{689B760B-49B8-4D12-A5A8-DC3E623B8B74}.Release|Mixed Platforms.Build.0 = Release|Any CPU
		{689B760B-49B8-4D12-A5A8-DC3E623B8B74}.Release|x86.ActiveCfg = Release|Any CPU
	EndGlobalSection
	GlobalSection(SolutionProperties) = preSolution
		HideSolutionNode = FALSE
	EndGlobalSection
EndGlobal
